// !$*UTF8*$!
{
	archiveVersion = 1;
	classes = {
	};
	objectVersion = 56;
	objects = {

/* Begin PBXBuildFile section */
		A2165A5729A923F900CB2048 /* PTDesignSystem in Frameworks */ = {isa = PBXBuildFile; productRef = A2165A5629A923F900CB2048 /* PTDesignSystem */; };
		A2165A5929A9240300CB2048 /* PTClient in Frameworks */ = {isa = PBXBuildFile; productRef = A2165A5829A9240300CB2048 /* PTClient */; };
		A2500B6C29A9251F00142248 /* UIView+Utils.swift in Sources */ = {isa = PBXBuildFile; fileRef = A2500B6B29A9251F00142248 /* UIView+Utils.swift */; };
		A25FD9BB29A956910065E0F0 /* PTCatalogGrid.swift in Sources */ = {isa = PBXBuildFile; fileRef = A25FD9BA29A956910065E0F0 /* PTCatalogGrid.swift */; };
		A25FD9BF29A957210065E0F0 /* PTCatalogGridLayout.swift in Sources */ = {isa = PBXBuildFile; fileRef = A25FD9BE29A957210065E0F0 /* PTCatalogGridLayout.swift */; };
		A25FD9C129A958500065E0F0 /* PTCatalogGridDataSource.swift in Sources */ = {isa = PBXBuildFile; fileRef = A25FD9C029A958500065E0F0 /* PTCatalogGridDataSource.swift */; };
		A25FD9C429A95AC00065E0F0 /* GameGridCell.swift in Sources */ = {isa = PBXBuildFile; fileRef = A25FD9C329A95AC00065E0F0 /* GameGridCell.swift */; };
		A25FD9C729A968D40065E0F0 /* Kingfisher in Frameworks */ = {isa = PBXBuildFile; productRef = A25FD9C629A968D40065E0F0 /* Kingfisher */; };
		A262099029A90EC3000D19C2 /* AppDelegate.swift in Sources */ = {isa = PBXBuildFile; fileRef = A262098F29A90EC3000D19C2 /* AppDelegate.swift */; };
		A262099229A90EC3000D19C2 /* SceneDelegate.swift in Sources */ = {isa = PBXBuildFile; fileRef = A262099129A90EC3000D19C2 /* SceneDelegate.swift */; };
		A262099429A90EC3000D19C2 /* ViewController.swift in Sources */ = {isa = PBXBuildFile; fileRef = A262099329A90EC3000D19C2 /* ViewController.swift */; };
		A262099729A90EC3000D19C2 /* Main.storyboard in Resources */ = {isa = PBXBuildFile; fileRef = A262099529A90EC3000D19C2 /* Main.storyboard */; };
		A262099929A90EC5000D19C2 /* Assets.xcassets in Resources */ = {isa = PBXBuildFile; fileRef = A262099829A90EC5000D19C2 /* Assets.xcassets */; };
		A262099C29A90EC5000D19C2 /* LaunchScreen.storyboard in Resources */ = {isa = PBXBuildFile; fileRef = A262099A29A90EC5000D19C2 /* LaunchScreen.storyboard */; };
		A26209A729A90EC5000D19C2 /* PlayTimeTests.swift in Sources */ = {isa = PBXBuildFile; fileRef = A26209A629A90EC5000D19C2 /* PlayTimeTests.swift */; };
		A26209B129A90EC5000D19C2 /* PlayTimeUITests.swift in Sources */ = {isa = PBXBuildFile; fileRef = A26209B029A90EC5000D19C2 /* PlayTimeUITests.swift */; };
		A26209B329A90EC5000D19C2 /* PlayTimeUITestsLaunchTests.swift in Sources */ = {isa = PBXBuildFile; fileRef = A26209B229A90EC5000D19C2 /* PlayTimeUITestsLaunchTests.swift */; };
		A28CDA9029A9695900B2AC2A /* MediaView.swift in Sources */ = {isa = PBXBuildFile; fileRef = A28CDA8F29A9695900B2AC2A /* MediaView.swift */; };
		A28CDA9429A9757700B2AC2A /* GameGridCellViewModel.swift in Sources */ = {isa = PBXBuildFile; fileRef = A28CDA9329A9757700B2AC2A /* GameGridCellViewModel.swift */; };
		A28CDA9629A9885D00B2AC2A /* GameGridHeaderView.swift in Sources */ = {isa = PBXBuildFile; fileRef = A28CDA9529A9885D00B2AC2A /* GameGridHeaderView.swift */; };
/* End PBXBuildFile section */

/* Begin PBXContainerItemProxy section */
		A26209A329A90EC5000D19C2 /* PBXContainerItemProxy */ = {
			isa = PBXContainerItemProxy;
			containerPortal = A262098429A90EC3000D19C2 /* Project object */;
			proxyType = 1;
			remoteGlobalIDString = A262098B29A90EC3000D19C2;
			remoteInfo = PlayTime;
		};
		A26209AD29A90EC5000D19C2 /* PBXContainerItemProxy */ = {
			isa = PBXContainerItemProxy;
			containerPortal = A262098429A90EC3000D19C2 /* Project object */;
			proxyType = 1;
			remoteGlobalIDString = A262098B29A90EC3000D19C2;
			remoteInfo = PlayTime;
		};
/* End PBXContainerItemProxy section */

/* Begin PBXFileReference section */
		A2165A5329A9112200CB2048 /* PTClient */ = {isa = PBXFileReference; lastKnownFileType = wrapper; name = PTClient; path = Packages/PTClient; sourceTree = "<group>"; };
		A2165A5429A9114800CB2048 /* PTDesignSystem */ = {isa = PBXFileReference; lastKnownFileType = wrapper; name = PTDesignSystem; path = Packages/PTDesignSystem; sourceTree = "<group>"; };
		A2500B6B29A9251F00142248 /* UIView+Utils.swift */ = {isa = PBXFileReference; lastKnownFileType = sourcecode.swift; path = "UIView+Utils.swift"; sourceTree = "<group>"; };
		A25FD9BA29A956910065E0F0 /* PTCatalogGrid.swift */ = {isa = PBXFileReference; lastKnownFileType = sourcecode.swift; path = PTCatalogGrid.swift; sourceTree = "<group>"; };
		A25FD9BE29A957210065E0F0 /* PTCatalogGridLayout.swift */ = {isa = PBXFileReference; lastKnownFileType = sourcecode.swift; path = PTCatalogGridLayout.swift; sourceTree = "<group>"; };
		A25FD9C029A958500065E0F0 /* PTCatalogGridDataSource.swift */ = {isa = PBXFileReference; lastKnownFileType = sourcecode.swift; path = PTCatalogGridDataSource.swift; sourceTree = "<group>"; };
		A25FD9C329A95AC00065E0F0 /* GameGridCell.swift */ = {isa = PBXFileReference; lastKnownFileType = sourcecode.swift; path = GameGridCell.swift; sourceTree = "<group>"; };
		A262098C29A90EC3000D19C2 /* PlayTime.app */ = {isa = PBXFileReference; explicitFileType = wrapper.application; includeInIndex = 0; path = PlayTime.app; sourceTree = BUILT_PRODUCTS_DIR; };
		A262098F29A90EC3000D19C2 /* AppDelegate.swift */ = {isa = PBXFileReference; lastKnownFileType = sourcecode.swift; path = AppDelegate.swift; sourceTree = "<group>"; };
		A262099129A90EC3000D19C2 /* SceneDelegate.swift */ = {isa = PBXFileReference; lastKnownFileType = sourcecode.swift; path = SceneDelegate.swift; sourceTree = "<group>"; };
		A262099329A90EC3000D19C2 /* ViewController.swift */ = {isa = PBXFileReference; lastKnownFileType = sourcecode.swift; path = ViewController.swift; sourceTree = "<group>"; };
		A262099629A90EC3000D19C2 /* Base */ = {isa = PBXFileReference; lastKnownFileType = file.storyboard; name = Base; path = Base.lproj/Main.storyboard; sourceTree = "<group>"; };
		A262099829A90EC5000D19C2 /* Assets.xcassets */ = {isa = PBXFileReference; lastKnownFileType = folder.assetcatalog; path = Assets.xcassets; sourceTree = "<group>"; };
		A262099B29A90EC5000D19C2 /* Base */ = {isa = PBXFileReference; lastKnownFileType = file.storyboard; name = Base; path = Base.lproj/LaunchScreen.storyboard; sourceTree = "<group>"; };
		A262099D29A90EC5000D19C2 /* Info.plist */ = {isa = PBXFileReference; lastKnownFileType = text.plist.xml; path = Info.plist; sourceTree = "<group>"; };
		A26209A229A90EC5000D19C2 /* PlayTimeTests.xctest */ = {isa = PBXFileReference; explicitFileType = wrapper.cfbundle; includeInIndex = 0; path = PlayTimeTests.xctest; sourceTree = BUILT_PRODUCTS_DIR; };
		A26209A629A90EC5000D19C2 /* PlayTimeTests.swift */ = {isa = PBXFileReference; lastKnownFileType = sourcecode.swift; path = PlayTimeTests.swift; sourceTree = "<group>"; };
		A26209AC29A90EC5000D19C2 /* PlayTimeUITests.xctest */ = {isa = PBXFileReference; explicitFileType = wrapper.cfbundle; includeInIndex = 0; path = PlayTimeUITests.xctest; sourceTree = BUILT_PRODUCTS_DIR; };
		A26209B029A90EC5000D19C2 /* PlayTimeUITests.swift */ = {isa = PBXFileReference; lastKnownFileType = sourcecode.swift; path = PlayTimeUITests.swift; sourceTree = "<group>"; };
		A26209B229A90EC5000D19C2 /* PlayTimeUITestsLaunchTests.swift */ = {isa = PBXFileReference; lastKnownFileType = sourcecode.swift; path = PlayTimeUITestsLaunchTests.swift; sourceTree = "<group>"; };
		A28CDA8F29A9695900B2AC2A /* MediaView.swift */ = {isa = PBXFileReference; lastKnownFileType = sourcecode.swift; path = MediaView.swift; sourceTree = "<group>"; };
		A28CDA9329A9757700B2AC2A /* GameGridCellViewModel.swift */ = {isa = PBXFileReference; lastKnownFileType = sourcecode.swift; path = GameGridCellViewModel.swift; sourceTree = "<group>"; };
		A28CDA9529A9885D00B2AC2A /* GameGridHeaderView.swift */ = {isa = PBXFileReference; lastKnownFileType = sourcecode.swift; path = GameGridHeaderView.swift; sourceTree = "<group>"; };
/* End PBXFileReference section */

/* Begin PBXFrameworksBuildPhase section */
		A262098929A90EC3000D19C2 /* Frameworks */ = {
			isa = PBXFrameworksBuildPhase;
			buildActionMask = 2147483647;
			files = (
				A25FD9C729A968D40065E0F0 /* Kingfisher in Frameworks */,
				A2165A5729A923F900CB2048 /* PTDesignSystem in Frameworks */,
				A2165A5929A9240300CB2048 /* PTClient in Frameworks */,
			);
			runOnlyForDeploymentPostprocessing = 0;
		};
		A262099F29A90EC5000D19C2 /* Frameworks */ = {
			isa = PBXFrameworksBuildPhase;
			buildActionMask = 2147483647;
			files = (
			);
			runOnlyForDeploymentPostprocessing = 0;
		};
		A26209A929A90EC5000D19C2 /* Frameworks */ = {
			isa = PBXFrameworksBuildPhase;
			buildActionMask = 2147483647;
			files = (
			);
			runOnlyForDeploymentPostprocessing = 0;
		};
/* End PBXFrameworksBuildPhase section */

/* Begin PBXGroup section */
		A2165A5529A923F900CB2048 /* Frameworks */ = {
			isa = PBXGroup;
			children = (
			);
			name = Frameworks;
			sourceTree = "<group>";
		};
		A2500B6A29A9250F00142248 /* Utils */ = {
			isa = PBXGroup;
			children = (
				A2500B6B29A9251F00142248 /* UIView+Utils.swift */,
			);
			path = Utils;
			sourceTree = "<group>";
		};
		A25FD9B929A9567A0065E0F0 /* PTCatalogGrid */ = {
			isa = PBXGroup;
			children = (
				A25FD9C229A95AA20065E0F0 /* GridItems */,
				A25FD9BA29A956910065E0F0 /* PTCatalogGrid.swift */,
				A25FD9BE29A957210065E0F0 /* PTCatalogGridLayout.swift */,
				A25FD9C029A958500065E0F0 /* PTCatalogGridDataSource.swift */,
			);
			path = PTCatalogGrid;
			sourceTree = "<group>";
		};
		A25FD9C229A95AA20065E0F0 /* GridItems */ = {
			isa = PBXGroup;
			children = (
				A28CDA9229A9756A00B2AC2A /* _domain */,
				A25FD9C329A95AC00065E0F0 /* GameGridCell.swift */,
				A28CDA9529A9885D00B2AC2A /* GameGridHeaderView.swift */,
			);
			path = GridItems;
			sourceTree = "<group>";
		};
		A262098329A90EC3000D19C2 = {
			isa = PBXGroup;
			children = (
				A26209BF29A90F45000D19C2 /* Packages */,
				A262098E29A90EC3000D19C2 /* PlayTime */,
				A26209A529A90EC5000D19C2 /* PlayTimeTests */,
				A26209AF29A90EC5000D19C2 /* PlayTimeUITests */,
				A262098D29A90EC3000D19C2 /* Products */,
				A2165A5529A923F900CB2048 /* Frameworks */,
			);
			sourceTree = "<group>";
		};
		A262098D29A90EC3000D19C2 /* Products */ = {
			isa = PBXGroup;
			children = (
				A262098C29A90EC3000D19C2 /* PlayTime.app */,
				A26209A229A90EC5000D19C2 /* PlayTimeTests.xctest */,
				A26209AC29A90EC5000D19C2 /* PlayTimeUITests.xctest */,
			);
			name = Products;
			sourceTree = "<group>";
		};
		A262098E29A90EC3000D19C2 /* PlayTime */ = {
			isa = PBXGroup;
			children = (
				A262098F29A90EC3000D19C2 /* AppDelegate.swift */,
				A262099829A90EC5000D19C2 /* Assets.xcassets */,
				A262099D29A90EC5000D19C2 /* Info.plist */,
				A262099A29A90EC5000D19C2 /* LaunchScreen.storyboard */,
				A262099529A90EC3000D19C2 /* Main.storyboard */,
				A25FD9B929A9567A0065E0F0 /* PTCatalogGrid */,
				A262099129A90EC3000D19C2 /* SceneDelegate.swift */,
				A28CDA9129A96B2D00B2AC2A /* Shared */,
				A2500B6A29A9250F00142248 /* Utils */,
				A262099329A90EC3000D19C2 /* ViewController.swift */,
			);
			path = PlayTime;
			sourceTree = "<group>";
		};
		A26209A529A90EC5000D19C2 /* PlayTimeTests */ = {
			isa = PBXGroup;
			children = (
				A26209A629A90EC5000D19C2 /* PlayTimeTests.swift */,
			);
			path = PlayTimeTests;
			sourceTree = "<group>";
		};
		A26209AF29A90EC5000D19C2 /* PlayTimeUITests */ = {
			isa = PBXGroup;
			children = (
				A26209B029A90EC5000D19C2 /* PlayTimeUITests.swift */,
				A26209B229A90EC5000D19C2 /* PlayTimeUITestsLaunchTests.swift */,
			);
			path = PlayTimeUITests;
			sourceTree = "<group>";
		};
		A26209BF29A90F45000D19C2 /* Packages */ = {
			isa = PBXGroup;
			children = (
				A2165A5329A9112200CB2048 /* PTClient */,
				A2165A5429A9114800CB2048 /* PTDesignSystem */,
			);
			name = Packages;
			sourceTree = "<group>";
		};
		A28CDA9129A96B2D00B2AC2A /* Shared */ = {
			isa = PBXGroup;
			children = (
				A28CDA8F29A9695900B2AC2A /* MediaView.swift */,
			);
			path = Shared;
			sourceTree = "<group>";
		};
		A28CDA9229A9756A00B2AC2A /* _domain */ = {
			isa = PBXGroup;
			children = (
				A28CDA9329A9757700B2AC2A /* GameGridCellViewModel.swift */,
			);
			path = _domain;
			sourceTree = "<group>";
		};
/* End PBXGroup section */

/* Begin PBXNativeTarget section */
		A262098B29A90EC3000D19C2 /* PlayTime */ = {
			isa = PBXNativeTarget;
			buildConfigurationList = A26209B629A90EC5000D19C2 /* Build configuration list for PBXNativeTarget "PlayTime" */;
			buildPhases = (
				A262098829A90EC3000D19C2 /* Sources */,
				A262098929A90EC3000D19C2 /* Frameworks */,
				A262098A29A90EC3000D19C2 /* Resources */,
			);
			buildRules = (
			);
			dependencies = (
			);
			name = PlayTime;
			packageProductDependencies = (
				A2165A5629A923F900CB2048 /* PTDesignSystem */,
				A2165A5829A9240300CB2048 /* PTClient */,
				A25FD9C629A968D40065E0F0 /* Kingfisher */,
			);
			productName = PlayTime;
			productReference = A262098C29A90EC3000D19C2 /* PlayTime.app */;
			productType = "com.apple.product-type.application";
		};
		A26209A129A90EC5000D19C2 /* PlayTimeTests */ = {
			isa = PBXNativeTarget;
			buildConfigurationList = A26209B929A90EC5000D19C2 /* Build configuration list for PBXNativeTarget "PlayTimeTests" */;
			buildPhases = (
				A262099E29A90EC5000D19C2 /* Sources */,
				A262099F29A90EC5000D19C2 /* Frameworks */,
				A26209A029A90EC5000D19C2 /* Resources */,
			);
			buildRules = (
			);
			dependencies = (
				A26209A429A90EC5000D19C2 /* PBXTargetDependency */,
			);
			name = PlayTimeTests;
			productName = PlayTimeTests;
			productReference = A26209A229A90EC5000D19C2 /* PlayTimeTests.xctest */;
			productType = "com.apple.product-type.bundle.unit-test";
		};
		A26209AB29A90EC5000D19C2 /* PlayTimeUITests */ = {
			isa = PBXNativeTarget;
			buildConfigurationList = A26209BC29A90EC5000D19C2 /* Build configuration list for PBXNativeTarget "PlayTimeUITests" */;
			buildPhases = (
				A26209A829A90EC5000D19C2 /* Sources */,
				A26209A929A90EC5000D19C2 /* Frameworks */,
				A26209AA29A90EC5000D19C2 /* Resources */,
			);
			buildRules = (
			);
			dependencies = (
				A26209AE29A90EC5000D19C2 /* PBXTargetDependency */,
			);
			name = PlayTimeUITests;
			productName = PlayTimeUITests;
			productReference = A26209AC29A90EC5000D19C2 /* PlayTimeUITests.xctest */;
			productType = "com.apple.product-type.bundle.ui-testing";
		};
/* End PBXNativeTarget section */

/* Begin PBXProject section */
		A262098429A90EC3000D19C2 /* Project object */ = {
			isa = PBXProject;
			attributes = {
				BuildIndependentTargetsInParallel = 1;
				LastSwiftUpdateCheck = 1420;
				LastUpgradeCheck = 1420;
				TargetAttributes = {
					A262098B29A90EC3000D19C2 = {
						CreatedOnToolsVersion = 14.2;
					};
					A26209A129A90EC5000D19C2 = {
						CreatedOnToolsVersion = 14.2;
						TestTargetID = A262098B29A90EC3000D19C2;
					};
					A26209AB29A90EC5000D19C2 = {
						CreatedOnToolsVersion = 14.2;
						TestTargetID = A262098B29A90EC3000D19C2;
					};
				};
			};
			buildConfigurationList = A262098729A90EC3000D19C2 /* Build configuration list for PBXProject "PlayTime" */;
			compatibilityVersion = "Xcode 14.0";
			developmentRegion = en;
			hasScannedForEncodings = 0;
			knownRegions = (
				en,
				Base,
			);
			mainGroup = A262098329A90EC3000D19C2;
			packageReferences = (
				A25FD9C529A968D40065E0F0 /* XCRemoteSwiftPackageReference "Kingfisher" */,
			);
			productRefGroup = A262098D29A90EC3000D19C2 /* Products */;
			projectDirPath = "";
			projectRoot = "";
			targets = (
				A262098B29A90EC3000D19C2 /* PlayTime */,
				A26209A129A90EC5000D19C2 /* PlayTimeTests */,
				A26209AB29A90EC5000D19C2 /* PlayTimeUITests */,
			);
		};
/* End PBXProject section */

/* Begin PBXResourcesBuildPhase section */
		A262098A29A90EC3000D19C2 /* Resources */ = {
			isa = PBXResourcesBuildPhase;
			buildActionMask = 2147483647;
			files = (
				A262099C29A90EC5000D19C2 /* LaunchScreen.storyboard in Resources */,
				A262099929A90EC5000D19C2 /* Assets.xcassets in Resources */,
				A262099729A90EC3000D19C2 /* Main.storyboard in Resources */,
			);
			runOnlyForDeploymentPostprocessing = 0;
		};
		A26209A029A90EC5000D19C2 /* Resources */ = {
			isa = PBXResourcesBuildPhase;
			buildActionMask = 2147483647;
			files = (
			);
			runOnlyForDeploymentPostprocessing = 0;
		};
		A26209AA29A90EC5000D19C2 /* Resources */ = {
			isa = PBXResourcesBuildPhase;
			buildActionMask = 2147483647;
			files = (
			);
			runOnlyForDeploymentPostprocessing = 0;
		};
/* End PBXResourcesBuildPhase section */

/* Begin PBXSourcesBuildPhase section */
		A262098829A90EC3000D19C2 /* Sources */ = {
			isa = PBXSourcesBuildPhase;
			buildActionMask = 2147483647;
			files = (
				A262099429A90EC3000D19C2 /* ViewController.swift in Sources */,
				A25FD9BF29A957210065E0F0 /* PTCatalogGridLayout.swift in Sources */,
				A25FD9C129A958500065E0F0 /* PTCatalogGridDataSource.swift in Sources */,
				A262099029A90EC3000D19C2 /* AppDelegate.swift in Sources */,
				A25FD9BB29A956910065E0F0 /* PTCatalogGrid.swift in Sources */,
				A28CDA9629A9885D00B2AC2A /* GameGridHeaderView.swift in Sources */,
				A25FD9C429A95AC00065E0F0 /* GameGridCell.swift in Sources */,
				A28CDA9429A9757700B2AC2A /* GameGridCellViewModel.swift in Sources */,
				A28CDA9029A9695900B2AC2A /* MediaView.swift in Sources */,
				A2500B6C29A9251F00142248 /* UIView+Utils.swift in Sources */,
				A262099229A90EC3000D19C2 /* SceneDelegate.swift in Sources */,
			);
			runOnlyForDeploymentPostprocessing = 0;
		};
		A262099E29A90EC5000D19C2 /* Sources */ = {
			isa = PBXSourcesBuildPhase;
			buildActionMask = 2147483647;
			files = (
				A26209A729A90EC5000D19C2 /* PlayTimeTests.swift in Sources */,
			);
			runOnlyForDeploymentPostprocessing = 0;
		};
		A26209A829A90EC5000D19C2 /* Sources */ = {
			isa = PBXSourcesBuildPhase;
			buildActionMask = 2147483647;
			files = (
				A26209B329A90EC5000D19C2 /* PlayTimeUITestsLaunchTests.swift in Sources */,
				A26209B129A90EC5000D19C2 /* PlayTimeUITests.swift in Sources */,
			);
			runOnlyForDeploymentPostprocessing = 0;
		};
/* End PBXSourcesBuildPhase section */

/* Begin PBXTargetDependency section */
		A26209A429A90EC5000D19C2 /* PBXTargetDependency */ = {
			isa = PBXTargetDependency;
			target = A262098B29A90EC3000D19C2 /* PlayTime */;
			targetProxy = A26209A329A90EC5000D19C2 /* PBXContainerItemProxy */;
		};
		A26209AE29A90EC5000D19C2 /* PBXTargetDependency */ = {
			isa = PBXTargetDependency;
			target = A262098B29A90EC3000D19C2 /* PlayTime */;
			targetProxy = A26209AD29A90EC5000D19C2 /* PBXContainerItemProxy */;
		};
/* End PBXTargetDependency section */

/* Begin PBXVariantGroup section */
		A262099529A90EC3000D19C2 /* Main.storyboard */ = {
			isa = PBXVariantGroup;
			children = (
				A262099629A90EC3000D19C2 /* Base */,
			);
			name = Main.storyboard;
			sourceTree = "<group>";
		};
		A262099A29A90EC5000D19C2 /* LaunchScreen.storyboard */ = {
			isa = PBXVariantGroup;
			children = (
				A262099B29A90EC5000D19C2 /* Base */,
			);
			name = LaunchScreen.storyboard;
			sourceTree = "<group>";
		};
/* End PBXVariantGroup section */

/* Begin XCBuildConfiguration section */
		A26209B429A90EC5000D19C2 /* Debug */ = {
			isa = XCBuildConfiguration;
			buildSettings = {
				ALWAYS_SEARCH_USER_PATHS = NO;
				CLANG_ANALYZER_NONNULL = YES;
				CLANG_ANALYZER_NUMBER_OBJECT_CONVERSION = YES_AGGRESSIVE;
				CLANG_CXX_LANGUAGE_STANDARD = "gnu++20";
				CLANG_ENABLE_MODULES = YES;
				CLANG_ENABLE_OBJC_ARC = YES;
				CLANG_ENABLE_OBJC_WEAK = YES;
				CLANG_WARN_BLOCK_CAPTURE_AUTORELEASING = YES;
				CLANG_WARN_BOOL_CONVERSION = YES;
				CLANG_WARN_COMMA = YES;
				CLANG_WARN_CONSTANT_CONVERSION = YES;
				CLANG_WARN_DEPRECATED_OBJC_IMPLEMENTATIONS = YES;
				CLANG_WARN_DIRECT_OBJC_ISA_USAGE = YES_ERROR;
				CLANG_WARN_DOCUMENTATION_COMMENTS = YES;
				CLANG_WARN_EMPTY_BODY = YES;
				CLANG_WARN_ENUM_CONVERSION = YES;
				CLANG_WARN_INFINITE_RECURSION = YES;
				CLANG_WARN_INT_CONVERSION = YES;
				CLANG_WARN_NON_LITERAL_NULL_CONVERSION = YES;
				CLANG_WARN_OBJC_IMPLICIT_RETAIN_SELF = YES;
				CLANG_WARN_OBJC_LITERAL_CONVERSION = YES;
				CLANG_WARN_OBJC_ROOT_CLASS = YES_ERROR;
				CLANG_WARN_QUOTED_INCLUDE_IN_FRAMEWORK_HEADER = YES;
				CLANG_WARN_RANGE_LOOP_ANALYSIS = YES;
				CLANG_WARN_STRICT_PROTOTYPES = YES;
				CLANG_WARN_SUSPICIOUS_MOVE = YES;
				CLANG_WARN_UNGUARDED_AVAILABILITY = YES_AGGRESSIVE;
				CLANG_WARN_UNREACHABLE_CODE = YES;
				CLANG_WARN__DUPLICATE_METHOD_MATCH = YES;
				COPY_PHASE_STRIP = NO;
				DEBUG_INFORMATION_FORMAT = dwarf;
				ENABLE_STRICT_OBJC_MSGSEND = YES;
				ENABLE_TESTABILITY = YES;
				GCC_C_LANGUAGE_STANDARD = gnu11;
				GCC_DYNAMIC_NO_PIC = NO;
				GCC_NO_COMMON_BLOCKS = YES;
				GCC_OPTIMIZATION_LEVEL = 0;
				GCC_PREPROCESSOR_DEFINITIONS = (
					"DEBUG=1",
					"$(inherited)",
				);
				GCC_WARN_64_TO_32_BIT_CONVERSION = YES;
				GCC_WARN_ABOUT_RETURN_TYPE = YES_ERROR;
				GCC_WARN_UNDECLARED_SELECTOR = YES;
				GCC_WARN_UNINITIALIZED_AUTOS = YES_AGGRESSIVE;
				GCC_WARN_UNUSED_FUNCTION = YES;
				GCC_WARN_UNUSED_VARIABLE = YES;
				IPHONEOS_DEPLOYMENT_TARGET = 16.2;
				MTL_ENABLE_DEBUG_INFO = INCLUDE_SOURCE;
				MTL_FAST_MATH = YES;
				ONLY_ACTIVE_ARCH = YES;
				SDKROOT = iphoneos;
				SWIFT_ACTIVE_COMPILATION_CONDITIONS = DEBUG;
				SWIFT_OPTIMIZATION_LEVEL = "-Onone";
			};
			name = Debug;
		};
		A26209B529A90EC5000D19C2 /* Release */ = {
			isa = XCBuildConfiguration;
			buildSettings = {
				ALWAYS_SEARCH_USER_PATHS = NO;
				CLANG_ANALYZER_NONNULL = YES;
				CLANG_ANALYZER_NUMBER_OBJECT_CONVERSION = YES_AGGRESSIVE;
				CLANG_CXX_LANGUAGE_STANDARD = "gnu++20";
				CLANG_ENABLE_MODULES = YES;
				CLANG_ENABLE_OBJC_ARC = YES;
				CLANG_ENABLE_OBJC_WEAK = YES;
				CLANG_WARN_BLOCK_CAPTURE_AUTORELEASING = YES;
				CLANG_WARN_BOOL_CONVERSION = YES;
				CLANG_WARN_COMMA = YES;
				CLANG_WARN_CONSTANT_CONVERSION = YES;
				CLANG_WARN_DEPRECATED_OBJC_IMPLEMENTATIONS = YES;
				CLANG_WARN_DIRECT_OBJC_ISA_USAGE = YES_ERROR;
				CLANG_WARN_DOCUMENTATION_COMMENTS = YES;
				CLANG_WARN_EMPTY_BODY = YES;
				CLANG_WARN_ENUM_CONVERSION = YES;
				CLANG_WARN_INFINITE_RECURSION = YES;
				CLANG_WARN_INT_CONVERSION = YES;
				CLANG_WARN_NON_LITERAL_NULL_CONVERSION = YES;
				CLANG_WARN_OBJC_IMPLICIT_RETAIN_SELF = YES;
				CLANG_WARN_OBJC_LITERAL_CONVERSION = YES;
				CLANG_WARN_OBJC_ROOT_CLASS = YES_ERROR;
				CLANG_WARN_QUOTED_INCLUDE_IN_FRAMEWORK_HEADER = YES;
				CLANG_WARN_RANGE_LOOP_ANALYSIS = YES;
				CLANG_WARN_STRICT_PROTOTYPES = YES;
				CLANG_WARN_SUSPICIOUS_MOVE = YES;
				CLANG_WARN_UNGUARDED_AVAILABILITY = YES_AGGRESSIVE;
				CLANG_WARN_UNREACHABLE_CODE = YES;
				CLANG_WARN__DUPLICATE_METHOD_MATCH = YES;
				COPY_PHASE_STRIP = NO;
				DEBUG_INFORMATION_FORMAT = "dwarf-with-dsym";
				ENABLE_NS_ASSERTIONS = NO;
				ENABLE_STRICT_OBJC_MSGSEND = YES;
				GCC_C_LANGUAGE_STANDARD = gnu11;
				GCC_NO_COMMON_BLOCKS = YES;
				GCC_WARN_64_TO_32_BIT_CONVERSION = YES;
				GCC_WARN_ABOUT_RETURN_TYPE = YES_ERROR;
				GCC_WARN_UNDECLARED_SELECTOR = YES;
				GCC_WARN_UNINITIALIZED_AUTOS = YES_AGGRESSIVE;
				GCC_WARN_UNUSED_FUNCTION = YES;
				GCC_WARN_UNUSED_VARIABLE = YES;
				IPHONEOS_DEPLOYMENT_TARGET = 16.2;
				MTL_ENABLE_DEBUG_INFO = NO;
				MTL_FAST_MATH = YES;
				SDKROOT = iphoneos;
				SWIFT_COMPILATION_MODE = wholemodule;
				SWIFT_OPTIMIZATION_LEVEL = "-O";
				VALIDATE_PRODUCT = YES;
			};
			name = Release;
		};
		A26209B729A90EC5000D19C2 /* Debug */ = {
			isa = XCBuildConfiguration;
			buildSettings = {
				ASSETCATALOG_COMPILER_APPICON_NAME = AppIcon;
				ASSETCATALOG_COMPILER_GLOBAL_ACCENT_COLOR_NAME = AccentColor;
				CODE_SIGN_STYLE = Automatic;
				CURRENT_PROJECT_VERSION = 1;
				DEVELOPMENT_TEAM = G35JFM43J2;
				GENERATE_INFOPLIST_FILE = YES;
				INFOPLIST_FILE = PlayTime/Info.plist;
				INFOPLIST_KEY_CFBundleDisplayName = PlayTime;
				INFOPLIST_KEY_LSApplicationCategoryType = "public.app-category.games";
				INFOPLIST_KEY_UIApplicationSupportsIndirectInputEvents = YES;
				INFOPLIST_KEY_UILaunchStoryboardName = LaunchScreen;
				INFOPLIST_KEY_UIMainStoryboardFile = Main;
				INFOPLIST_KEY_UISupportedInterfaceOrientations_iPad = "UIInterfaceOrientationPortrait UIInterfaceOrientationPortraitUpsideDown UIInterfaceOrientationLandscapeLeft UIInterfaceOrientationLandscapeRight";
				INFOPLIST_KEY_UISupportedInterfaceOrientations_iPhone = "UIInterfaceOrientationPortrait UIInterfaceOrientationLandscapeLeft UIInterfaceOrientationLandscapeRight";
				IPHONEOS_DEPLOYMENT_TARGET = 13.0;
				LD_RUNPATH_SEARCH_PATHS = (
					"$(inherited)",
					"@executable_path/Frameworks",
				);
				MARKETING_VERSION = 1.0;
				PRODUCT_BUNDLE_IDENTIFIER = "vertical-scrolling.PlayTime";
				PRODUCT_NAME = "$(TARGET_NAME)";
				SWIFT_EMIT_LOC_STRINGS = YES;
				SWIFT_VERSION = 5.0;
				TARGETED_DEVICE_FAMILY = "1,2";
			};
			name = Debug;
		};
		A26209B829A90EC5000D19C2 /* Release */ = {
			isa = XCBuildConfiguration;
			buildSettings = {
				ASSETCATALOG_COMPILER_APPICON_NAME = AppIcon;
				ASSETCATALOG_COMPILER_GLOBAL_ACCENT_COLOR_NAME = AccentColor;
				CODE_SIGN_STYLE = Automatic;
				CURRENT_PROJECT_VERSION = 1;
				DEVELOPMENT_TEAM = G35JFM43J2;
				GENERATE_INFOPLIST_FILE = YES;
				INFOPLIST_FILE = PlayTime/Info.plist;
				INFOPLIST_KEY_CFBundleDisplayName = PlayTime;
				INFOPLIST_KEY_LSApplicationCategoryType = "public.app-category.games";
				INFOPLIST_KEY_UIApplicationSupportsIndirectInputEvents = YES;
				INFOPLIST_KEY_UILaunchStoryboardName = LaunchScreen;
				INFOPLIST_KEY_UIMainStoryboardFile = Main;
				INFOPLIST_KEY_UISupportedInterfaceOrientations_iPad = "UIInterfaceOrientationPortrait UIInterfaceOrientationPortraitUpsideDown UIInterfaceOrientationLandscapeLeft UIInterfaceOrientationLandscapeRight";
				INFOPLIST_KEY_UISupportedInterfaceOrientations_iPhone = "UIInterfaceOrientationPortrait UIInterfaceOrientationLandscapeLeft UIInterfaceOrientationLandscapeRight";
				IPHONEOS_DEPLOYMENT_TARGET = 13.0;
				LD_RUNPATH_SEARCH_PATHS = (
					"$(inherited)",
					"@executable_path/Frameworks",
				);
				MARKETING_VERSION = 1.0;
				PRODUCT_BUNDLE_IDENTIFIER = "vertical-scrolling.PlayTime";
				PRODUCT_NAME = "$(TARGET_NAME)";
				SWIFT_EMIT_LOC_STRINGS = YES;
				SWIFT_VERSION = 5.0;
				TARGETED_DEVICE_FAMILY = "1,2";
			};
			name = Release;
		};
		A26209BA29A90EC5000D19C2 /* Debug */ = {
			isa = XCBuildConfiguration;
			buildSettings = {
				ALWAYS_EMBED_SWIFT_STANDARD_LIBRARIES = YES;
				BUNDLE_LOADER = "$(TEST_HOST)";
				CODE_SIGN_STYLE = Automatic;
				CURRENT_PROJECT_VERSION = 1;
				DEVELOPMENT_TEAM = G35JFM43J2;
				GENERATE_INFOPLIST_FILE = YES;
				IPHONEOS_DEPLOYMENT_TARGET = 16.2;
				MARKETING_VERSION = 1.0;
				PRODUCT_BUNDLE_IDENTIFIER = "vertical-scrolling.PlayTimeTests";
				PRODUCT_NAME = "$(TARGET_NAME)";
				SWIFT_EMIT_LOC_STRINGS = NO;
				SWIFT_VERSION = 5.0;
				TARGETED_DEVICE_FAMILY = "1,2";
				TEST_HOST = "$(BUILT_PRODUCTS_DIR)/PlayTime.app/$(BUNDLE_EXECUTABLE_FOLDER_PATH)/PlayTime";
			};
			name = Debug;
		};
		A26209BB29A90EC5000D19C2 /* Release */ = {
			isa = XCBuildConfiguration;
			buildSettings = {
				ALWAYS_EMBED_SWIFT_STANDARD_LIBRARIES = YES;
				BUNDLE_LOADER = "$(TEST_HOST)";
				CODE_SIGN_STYLE = Automatic;
				CURRENT_PROJECT_VERSION = 1;
				DEVELOPMENT_TEAM = G35JFM43J2;
				GENERATE_INFOPLIST_FILE = YES;
				IPHONEOS_DEPLOYMENT_TARGET = 16.2;
				MARKETING_VERSION = 1.0;
				PRODUCT_BUNDLE_IDENTIFIER = "vertical-scrolling.PlayTimeTests";
				PRODUCT_NAME = "$(TARGET_NAME)";
				SWIFT_EMIT_LOC_STRINGS = NO;
				SWIFT_VERSION = 5.0;
				TARGETED_DEVICE_FAMILY = "1,2";
				TEST_HOST = "$(BUILT_PRODUCTS_DIR)/PlayTime.app/$(BUNDLE_EXECUTABLE_FOLDER_PATH)/PlayTime";
			};
			name = Release;
		};
		A26209BD29A90EC5000D19C2 /* Debug */ = {
			isa = XCBuildConfiguration;
			buildSettings = {
				ALWAYS_EMBED_SWIFT_STANDARD_LIBRARIES = YES;
				CODE_SIGN_STYLE = Automatic;
				CURRENT_PROJECT_VERSION = 1;
				DEVELOPMENT_TEAM = G35JFM43J2;
				GENERATE_INFOPLIST_FILE = YES;
				MARKETING_VERSION = 1.0;
				PRODUCT_BUNDLE_IDENTIFIER = "vertical-scrolling.PlayTimeUITests";
				PRODUCT_NAME = "$(TARGET_NAME)";
				SWIFT_EMIT_LOC_STRINGS = NO;
				SWIFT_VERSION = 5.0;
				TARGETED_DEVICE_FAMILY = "1,2";
				TEST_TARGET_NAME = PlayTime;
			};
			name = Debug;
		};
		A26209BE29A90EC5000D19C2 /* Release */ = {
			isa = XCBuildConfiguration;
			buildSettings = {
				ALWAYS_EMBED_SWIFT_STANDARD_LIBRARIES = YES;
				CODE_SIGN_STYLE = Automatic;
				CURRENT_PROJECT_VERSION = 1;
				DEVELOPMENT_TEAM = G35JFM43J2;
				GENERATE_INFOPLIST_FILE = YES;
				MARKETING_VERSION = 1.0;
				PRODUCT_BUNDLE_IDENTIFIER = "vertical-scrolling.PlayTimeUITests";
				PRODUCT_NAME = "$(TARGET_NAME)";
				SWIFT_EMIT_LOC_STRINGS = NO;
				SWIFT_VERSION = 5.0;
				TARGETED_DEVICE_FAMILY = "1,2";
				TEST_TARGET_NAME = PlayTime;
			};
			name = Release;
		};
/* End XCBuildConfiguration section */

/* Begin XCConfigurationList section */
		A262098729A90EC3000D19C2 /* Build configuration list for PBXProject "PlayTime" */ = {
			isa = XCConfigurationList;
			buildConfigurations = (
				A26209B429A90EC5000D19C2 /* Debug */,
				A26209B529A90EC5000D19C2 /* Release */,
			);
			defaultConfigurationIsVisible = 0;
			defaultConfigurationName = Release;
		};
		A26209B629A90EC5000D19C2 /* Build configuration list for PBXNativeTarget "PlayTime" */ = {
			isa = XCConfigurationList;
			buildConfigurations = (
				A26209B729A90EC5000D19C2 /* Debug */,
				A26209B829A90EC5000D19C2 /* Release */,
			);
			defaultConfigurationIsVisible = 0;
			defaultConfigurationName = Release;
		};
		A26209B929A90EC5000D19C2 /* Build configuration list for PBXNativeTarget "PlayTimeTests" */ = {
			isa = XCConfigurationList;
			buildConfigurations = (
				A26209BA29A90EC5000D19C2 /* Debug */,
				A26209BB29A90EC5000D19C2 /* Release */,
			);
			defaultConfigurationIsVisible = 0;
			defaultConfigurationName = Release;
		};
		A26209BC29A90EC5000D19C2 /* Build configuration list for PBXNativeTarget "PlayTimeUITests" */ = {
			isa = XCConfigurationList;
			buildConfigurations = (
				A26209BD29A90EC5000D19C2 /* Debug */,
				A26209BE29A90EC5000D19C2 /* Release */,
			);
			defaultConfigurationIsVisible = 0;
			defaultConfigurationName = Release;
		};
/* End XCConfigurationList section */

/* Begin XCRemoteSwiftPackageReference section */
		A25FD9C529A968D40065E0F0 /* XCRemoteSwiftPackageReference "Kingfisher" */ = {
			isa = XCRemoteSwiftPackageReference;
			repositoryURL = "https://github.com/onevcat/Kingfisher";
			requirement = {
				kind = upToNextMajorVersion;
				minimumVersion = 7.0.0;
			};
		};
/* End XCRemoteSwiftPackageReference section */

/* Begin XCSwiftPackageProductDependency section */
		A2165A5629A923F900CB2048 /* PTDesignSystem */ = {
			isa = XCSwiftPackageProductDependency;
			productName = PTDesignSystem;
		};
		A2165A5829A9240300CB2048 /* PTClient */ = {
			isa = XCSwiftPackageProductDependency;
			productName = PTClient;
		};
		A25FD9C629A968D40065E0F0 /* Kingfisher */ = {
			isa = XCSwiftPackageProductDependency;
			package = A25FD9C529A968D40065E0F0 /* XCRemoteSwiftPackageReference "Kingfisher" */;
			productName = Kingfisher;
		};
/* End XCSwiftPackageProductDependency section */
	};
	rootObject = A262098429A90EC3000D19C2 /* Project object */;
}
